
Microsoft Visual Studio Solution File, Format Version 12.00
# Visual Studio Version 17
VisualStudioVersion = 17.11.35219.272
MinimumVisualStudioVersion = 10.0.40219.1
Project("{9A19103F-16F7-4668-BE54-9A1E7A4F7556}") = "Zettelkasten", "Zettelkasten.csproj", "{3149C405-B4B0-4CED-88DD-E7ED4AD846CD}"
EndProject
Global
	GlobalSection(SolutionConfigurationPlatforms) = preSolution
		Debug|Any CPU = Debug|Any CPU
		Debug|x64 = Debug|x64
		Release|Any CPU = Release|Any CPU
		Release|x64 = Release|x64
	EndGlobalSection
	GlobalSection(ProjectConfigurationPlatforms) = postSolution
		{3149C405-B4B0-4CED-88DD-E7ED4AD846CD}.Debug|Any CPU.ActiveCfg = Debug|Any CPU
		{3149C405-B4B0-4CED-88DD-E7ED4AD846CD}.Debug|Any CPU.Build.0 = Debug|Any CPU
		{3149C405-B4B0-4CED-88DD-E7ED4AD846CD}.Debug|Any CPU.Deploy.0 = Debug|Any CPU
		{3149C405-B4B0-4CED-88DD-E7ED4AD846CD}.Debug|x64.ActiveCfg = Debug|x64
		{3149C405-B4B0-4CED-88DD-E7ED4AD846CD}.Debug|x64.Build.0 = Debug|x64
		{3149C405-B4B0-4CED-88DD-E7ED4AD846CD}.Debug|x64.Deploy.0 = Debug|x64
		{3149C405-B4B0-4CED-88DD-E7ED4AD846CD}.Release|Any CPU.ActiveCfg = Release|Any CPU
		{3149C405-B4B0-4CED-88DD-E7ED4AD846CD}.Release|Any CPU.Build.0 = Release|Any CPU
		{3149C405-B4B0-4CED-88DD-E7ED4AD846CD}.Release|Any CPU.Deploy.0 = Release|Any CPU
		{3149C405-B4B0-4CED-88DD-E7ED4AD846CD}.Release|x64.ActiveCfg = Release|x64
		{3149C405-B4B0-4CED-88DD-E7ED4AD846CD}.Release|x64.Build.0 = Release|x64
		{3149C405-B4B0-4CED-88DD-E7ED4AD846CD}.Release|x64.Deploy.0 = Release|x64
	EndGlobalSection
	GlobalSection(SolutionProperties) = preSolution
		HideSolutionNode = FALSE
	EndGlobalSection
	GlobalSection(ExtensibilityGlobals) = postSolution
		SolutionGuid = {14677BCE-3C59-4DC7-B640-4D2E4C46E8FC}
	EndGlobalSection
EndGlobal
